
Microsoft Visual Studio Solution File, Format Version 12.00
# Visual Studio 15
VisualStudioVersion = 15.0.26430.14
MinimumVisualStudioVersion = 10.0.40219.1
Project("{FAE04EC0-301F-11D3-BF4B-00C04F79EFBC}") = "FlowerBackApp2.Android", "FlowerBackApp2\FlowerBackApp2.Android\FlowerBackApp2.Android.csproj", "{DCF389B7-770A-4DA8-9D74-C96577234F2F}"
EndProject
Project("{FAE04EC0-301F-11D3-BF4B-00C04F79EFBC}") = "FlowerBackApp2", "FlowerBackApp2\FlowerBackApp2\FlowerBackApp2.csproj", "{86BA87AE-D217-462B-BE60-1086FF239AA1}"
EndProject
Project("{FAE04EC0-301F-11D3-BF4B-00C04F79EFBC}") = "FlowerBackApp2.UWP", "FlowerBackApp2\FlowerBackApp2.UWP\FlowerBackApp2.UWP.csproj", "{8C5DA533-AD06-4FDA-A079-919BF0CF0894}"
EndProject
Project("{FAE04EC0-301F-11D3-BF4B-00C04F79EFBC}") = "FlowerBackApp2.iOS", "FlowerBackApp2\FlowerBackApp2.iOS\FlowerBackApp2.iOS.csproj", "{9EEA87A7-7E52-47ED-8998-C0F877A6A242}"
EndProject
Global
	GlobalSection(SolutionConfigurationPlatforms) = preSolution
		Ad-Hoc|Any CPU = Ad-Hoc|Any CPU
		Ad-Hoc|ARM = Ad-Hoc|ARM
		Ad-Hoc|iPhone = Ad-Hoc|iPhone
		Ad-Hoc|iPhoneSimulator = Ad-Hoc|iPhoneSimulator
		Ad-Hoc|x64 = Ad-Hoc|x64
		Ad-Hoc|x86 = Ad-Hoc|x86
		AppStore|Any CPU = AppStore|Any CPU
		AppStore|ARM = AppStore|ARM
		AppStore|iPhone = AppStore|iPhone
		AppStore|iPhoneSimulator = AppStore|iPhoneSimulator
		AppStore|x64 = AppStore|x64
		AppStore|x86 = AppStore|x86
		Debug|Any CPU = Debug|Any CPU
		Debug|ARM = Debug|ARM
		Debug|iPhone = Debug|iPhone
		Debug|iPhoneSimulator = Debug|iPhoneSimulator
		Debug|x64 = Debug|x64
		Debug|x86 = Debug|x86
		Release|Any CPU = Release|Any CPU
		Release|ARM = Release|ARM
		Release|iPhone = Release|iPhone
		Release|iPhoneSimulator = Release|iPhoneSimulator
		Release|x64 = Release|x64
		Release|x86 = Release|x86
	EndGlobalSection
	GlobalSection(ProjectConfigurationPlatforms) = postSolution
		{DCF389B7-770A-4DA8-9D74-C96577234F2F}.Ad-Hoc|Any CPU.ActiveCfg = Release|Any CPU
		{DCF389B7-770A-4DA8-9D74-C96577234F2F}.Ad-Hoc|Any CPU.Build.0 = Release|Any CPU
		{DCF389B7-770A-4DA8-9D74-C96577234F2F}.Ad-Hoc|Any CPU.Deploy.0 = Release|Any CPU
		{DCF389B7-770A-4DA8-9D74-C96577234F2F}.Ad-Hoc|ARM.ActiveCfg = Release|Any CPU
		{DCF389B7-770A-4DA8-9D74-C96577234F2F}.Ad-Hoc|ARM.Build.0 = Release|Any CPU
		{DCF389B7-770A-4DA8-9D74-C96577234F2F}.Ad-Hoc|ARM.Deploy.0 = Release|Any CPU
		{DCF389B7-770A-4DA8-9D74-C96577234F2F}.Ad-Hoc|iPhone.ActiveCfg = Release|Any CPU
		{DCF389B7-770A-4DA8-9D74-C96577234F2F}.Ad-Hoc|iPhone.Build.0 = Release|Any CPU
		{DCF389B7-770A-4DA8-9D74-C96577234F2F}.Ad-Hoc|iPhone.Deploy.0 = Release|Any CPU
		{DCF389B7-770A-4DA8-9D74-C96577234F2F}.Ad-Hoc|iPhoneSimulator.ActiveCfg = Release|Any CPU
		{DCF389B7-770A-4DA8-9D74-C96577234F2F}.Ad-Hoc|iPhoneSimulator.Build.0 = Release|Any CPU
		{DCF389B7-770A-4DA8-9D74-C96577234F2F}.Ad-Hoc|iPhoneSimulator.Deploy.0 = Release|Any CPU
		{DCF389B7-770A-4DA8-9D74-C96577234F2F}.Ad-Hoc|x64.ActiveCfg = Release|Any CPU
		{DCF389B7-770A-4DA8-9D74-C96577234F2F}.Ad-Hoc|x64.Build.0 = Release|Any CPU
		{DCF389B7-770A-4DA8-9D74-C96577234F2F}.Ad-Hoc|x64.Deploy.0 = Release|Any CPU
		{DCF389B7-770A-4DA8-9D74-C96577234F2F}.Ad-Hoc|x86.ActiveCfg = Release|Any CPU
		{DCF389B7-770A-4DA8-9D74-C96577234F2F}.Ad-Hoc|x86.Build.0 = Release|Any CPU
		{DCF389B7-770A-4DA8-9D74-C96577234F2F}.Ad-Hoc|x86.Deploy.0 = Release|Any CPU
		{DCF389B7-770A-4DA8-9D74-C96577234F2F}.AppStore|Any CPU.ActiveCfg = Release|Any CPU
		{DCF389B7-770A-4DA8-9D74-C96577234F2F}.AppStore|Any CPU.Build.0 = Release|Any CPU
		{DCF389B7-770A-4DA8-9D74-C96577234F2F}.AppStore|Any CPU.Deploy.0 = Release|Any CPU
		{DCF389B7-770A-4DA8-9D74-C96577234F2F}.AppStore|ARM.ActiveCfg = Release|Any CPU
		{DCF389B7-770A-4DA8-9D74-C96577234F2F}.AppStore|ARM.Build.0 = Release|Any CPU
		{DCF389B7-770A-4DA8-9D74-C96577234F2F}.AppStore|ARM.Deploy.0 = Release|Any CPU
		{DCF389B7-770A-4DA8-9D74-C96577234F2F}.AppStore|iPhone.ActiveCfg = Release|Any CPU
		{DCF389B7-770A-4DA8-9D74-C96577234F2F}.AppStore|iPhone.Build.0 = Release|Any CPU
		{DCF389B7-770A-4DA8-9D74-C96577234F2F}.AppStore|iPhone.Deploy.0 = Release|Any CPU
		{DCF389B7-770A-4DA8-9D74-C96577234F2F}.AppStore|iPhoneSimulator.ActiveCfg = Release|Any CPU
		{DCF389B7-770A-4DA8-9D74-C96577234F2F}.AppStore|iPhoneSimulator.Build.0 = Release|Any CPU
		{DCF389B7-770A-4DA8-9D74-C96577234F2F}.AppStore|iPhoneSimulator.Deploy.0 = Release|Any CPU
		{DCF389B7-770A-4DA8-9D74-C96577234F2F}.AppStore|x64.ActiveCfg = Release|Any CPU
		{DCF389B7-770A-4DA8-9D74-C96577234F2F}.AppStore|x64.Build.0 = Release|Any CPU
		{DCF389B7-770A-4DA8-9D74-C96577234F2F}.AppStore|x64.Deploy.0 = Release|Any CPU
		{DCF389B7-770A-4DA8-9D74-C96577234F2F}.AppStore|x86.ActiveCfg = Release|Any CPU
		{DCF389B7-770A-4DA8-9D74-C96577234F2F}.AppStore|x86.Build.0 = Release|Any CPU
		{DCF389B7-770A-4DA8-9D74-C96577234F2F}.AppStore|x86.Deploy.0 = Release|Any CPU
		{DCF389B7-770A-4DA8-9D74-C96577234F2F}.Debug|Any CPU.ActiveCfg = Debug|Any CPU
		{DCF389B7-770A-4DA8-9D74-C96577234F2F}.Debug|Any CPU.Build.0 = Debug|Any CPU
		{DCF389B7-770A-4DA8-9D74-C96577234F2F}.Debug|Any CPU.Deploy.0 = Debug|Any CPU
		{DCF389B7-770A-4DA8-9D74-C96577234F2F}.Debug|ARM.ActiveCfg = Debug|Any CPU
		{DCF389B7-770A-4DA8-9D74-C96577234F2F}.Debug|ARM.Build.0 = Debug|Any CPU
		{DCF389B7-770A-4DA8-9D74-C96577234F2F}.Debug|ARM.Deploy.0 = Debug|Any CPU
		{DCF389B7-770A-4DA8-9D74-C96577234F2F}.Debug|iPhone.ActiveCfg = Debug|Any CPU
		{DCF389B7-770A-4DA8-9D74-C96577234F2F}.Debug|iPhone.Build.0 = Debug|Any CPU
		{DCF389B7-770A-4DA8-9D74-C96577234F2F}.Debug|iPhone.Deploy.0 = Debug|Any CPU
		{DCF389B7-770A-4DA8-9D74-C96577234F2F}.Debug|iPhoneSimulator.ActiveCfg = Debug|Any CPU
		{DCF389B7-770A-4DA8-9D74-C96577234F2F}.Debug|iPhoneSimulator.Build.0 = Debug|Any CPU
		{DCF389B7-770A-4DA8-9D74-C96577234F2F}.Debug|iPhoneSimulator.Deploy.0 = Debug|Any CPU
		{DCF389B7-770A-4DA8-9D74-C96577234F2F}.Debug|x64.ActiveCfg = Debug|Any CPU
		{DCF389B7-770A-4DA8-9D74-C96577234F2F}.Debug|x64.Build.0 = Debug|Any CPU
		{DCF389B7-770A-4DA8-9D74-C96577234F2F}.Debug|x64.Deploy.0 = Debug|Any CPU
		{DCF389B7-770A-4DA8-9D74-C96577234F2F}.Debug|x86.ActiveCfg = Debug|Any CPU
		{DCF389B7-770A-4DA8-9D74-C96577234F2F}.Debug|x86.Build.0 = Debug|Any CPU
		{DCF389B7-770A-4DA8-9D74-C96577234F2F}.Debug|x86.Deploy.0 = Debug|Any CPU
		{DCF389B7-770A-4DA8-9D74-C96577234F2F}.Release|Any CPU.ActiveCfg = Release|Any CPU
		{DCF389B7-770A-4DA8-9D74-C96577234F2F}.Release|Any CPU.Build.0 = Release|Any CPU
		{DCF389B7-770A-4DA8-9D74-C96577234F2F}.Release|Any CPU.Deploy.0 = Release|Any CPU
		{DCF389B7-770A-4DA8-9D74-C96577234F2F}.Release|ARM.ActiveCfg = Release|Any CPU
		{DCF389B7-770A-4DA8-9D74-C96577234F2F}.Release|ARM.Build.0 = Release|Any CPU
		{DCF389B7-770A-4DA8-9D74-C96577234F2F}.Release|ARM.Deploy.0 = Release|Any CPU
		{DCF389B7-770A-4DA8-9D74-C96577234F2F}.Release|iPhone.ActiveCfg = Release|Any CPU
		{DCF389B7-770A-4DA8-9D74-C96577234F2F}.Release|iPhone.Build.0 = Release|Any CPU
		{DCF389B7-770A-4DA8-9D74-C96577234F2F}.Release|iPhone.Deploy.0 = Release|Any CPU
		{DCF389B7-770A-4DA8-9D74-C96577234F2F}.Release|iPhoneSimulator.ActiveCfg = Release|Any CPU
		{DCF389B7-770A-4DA8-9D74-C96577234F2F}.Release|iPhoneSimulator.Build.0 = Release|Any CPU
		{DCF389B7-770A-4DA8-9D74-C96577234F2F}.Release|iPhoneSimulator.Deploy.0 = Release|Any CPU
		{DCF389B7-770A-4DA8-9D74-C96577234F2F}.Release|x64.ActiveCfg = Release|Any CPU
		{DCF389B7-770A-4DA8-9D74-C96577234F2F}.Release|x64.Build.0 = Release|Any CPU
		{DCF389B7-770A-4DA8-9D74-C96577234F2F}.Release|x64.Deploy.0 = Release|Any CPU
		{DCF389B7-770A-4DA8-9D74-C96577234F2F}.Release|x86.ActiveCfg = Release|Any CPU
		{DCF389B7-770A-4DA8-9D74-C96577234F2F}.Release|x86.Build.0 = Release|Any CPU
		{DCF389B7-770A-4DA8-9D74-C96577234F2F}.Release|x86.Deploy.0 = Release|Any CPU
		{86BA87AE-D217-462B-BE60-1086FF239AA1}.Ad-Hoc|Any CPU.ActiveCfg = Release|Any CPU
		{86BA87AE-D217-462B-BE60-1086FF239AA1}.Ad-Hoc|Any CPU.Build.0 = Release|Any CPU
		{86BA87AE-D217-462B-BE60-1086FF239AA1}.Ad-Hoc|ARM.ActiveCfg = Release|Any CPU
		{86BA87AE-D217-462B-BE60-1086FF239AA1}.Ad-Hoc|ARM.Build.0 = Release|Any CPU
		{86BA87AE-D217-462B-BE60-1086FF239AA1}.Ad-Hoc|iPhone.ActiveCfg = Release|Any CPU
		{86BA87AE-D217-462B-BE60-1086FF239AA1}.Ad-Hoc|iPhone.Build.0 = Release|Any CPU
		{86BA87AE-D217-462B-BE60-1086FF239AA1}.Ad-Hoc|iPhoneSimulator.ActiveCfg = Release|Any CPU
		{86BA87AE-D217-462B-BE60-1086FF239AA1}.Ad-Hoc|iPhoneSimulator.Build.0 = Release|Any CPU
		{86BA87AE-D217-462B-BE60-1086FF239AA1}.Ad-Hoc|x64.ActiveCfg = Release|Any CPU
		{86BA87AE-D217-462B-BE60-1086FF239AA1}.Ad-Hoc|x64.Build.0 = Release|Any CPU
		{86BA87AE-D217-462B-BE60-1086FF239AA1}.Ad-Hoc|x86.ActiveCfg = Release|Any CPU
		{86BA87AE-D217-462B-BE60-1086FF239AA1}.Ad-Hoc|x86.Build.0 = Release|Any CPU
		{86BA87AE-D217-462B-BE60-1086FF239AA1}.AppStore|Any CPU.ActiveCfg = Release|Any CPU
		{86BA87AE-D217-462B-BE60-1086FF239AA1}.AppStore|Any CPU.Build.0 = Release|Any CPU
		{86BA87AE-D217-462B-BE60-1086FF239AA1}.AppStore|ARM.ActiveCfg = Release|Any CPU
		{86BA87AE-D217-462B-BE60-1086FF239AA1}.AppStore|ARM.Build.0 = Release|Any CPU
		{86BA87AE-D217-462B-BE60-1086FF239AA1}.AppStore|iPhone.ActiveCfg = Release|Any CPU
		{86BA87AE-D217-462B-BE60-1086FF239AA1}.AppStore|iPhone.Build.0 = Release|Any CPU
		{86BA87AE-D217-462B-BE60-1086FF239AA1}.AppStore|iPhoneSimulator.ActiveCfg = Release|Any CPU
		{86BA87AE-D217-462B-BE60-1086FF239AA1}.AppStore|iPhoneSimulator.Build.0 = Release|Any CPU
		{86BA87AE-D217-462B-BE60-1086FF239AA1}.AppStore|x64.ActiveCfg = Release|Any CPU
		{86BA87AE-D217-462B-BE60-1086FF239AA1}.AppStore|x64.Build.0 = Release|Any CPU
		{86BA87AE-D217-462B-BE60-1086FF239AA1}.AppStore|x86.ActiveCfg = Release|Any CPU
		{86BA87AE-D217-462B-BE60-1086FF239AA1}.AppStore|x86.Build.0 = Release|Any CPU
		{86BA87AE-D217-462B-BE60-1086FF239AA1}.Debug|Any CPU.ActiveCfg = Debug|Any CPU
		{86BA87AE-D217-462B-BE60-1086FF239AA1}.Debug|Any CPU.Build.0 = Debug|Any CPU
		{86BA87AE-D217-462B-BE60-1086FF239AA1}.Debug|ARM.ActiveCfg = Debug|Any CPU
		{86BA87AE-D217-462B-BE60-1086FF239AA1}.Debug|ARM.Build.0 = Debug|Any CPU
		{86BA87AE-D217-462B-BE60-1086FF239AA1}.Debug|iPhone.ActiveCfg = Debug|Any CPU
		{86BA87AE-D217-462B-BE60-1086FF239AA1}.Debug|iPhone.Build.0 = Debug|Any CPU
		{86BA87AE-D217-462B-BE60-1086FF239AA1}.Debug|iPhoneSimulator.ActiveCfg = Debug|Any CPU
		{86BA87AE-D217-462B-BE60-1086FF239AA1}.Debug|iPhoneSimulator.Build.0 = Debug|Any CPU
		{86BA87AE-D217-462B-BE60-1086FF239AA1}.Debug|x64.ActiveCfg = Debug|Any CPU
		{86BA87AE-D217-462B-BE60-1086FF239AA1}.Debug|x64.Build.0 = Debug|Any CPU
		{86BA87AE-D217-462B-BE60-1086FF239AA1}.Debug|x86.ActiveCfg = Debug|Any CPU
		{86BA87AE-D217-462B-BE60-1086FF239AA1}.Debug|x86.Build.0 = Debug|Any CPU
		{86BA87AE-D217-462B-BE60-1086FF239AA1}.Release|Any CPU.ActiveCfg = Release|Any CPU
		{86BA87AE-D217-462B-BE60-1086FF239AA1}.Release|Any CPU.Build.0 = Release|Any CPU
		{86BA87AE-D217-462B-BE60-1086FF239AA1}.Release|ARM.ActiveCfg = Release|Any CPU
		{86BA87AE-D217-462B-BE60-1086FF239AA1}.Release|ARM.Build.0 = Release|Any CPU
		{86BA87AE-D217-462B-BE60-1086FF239AA1}.Release|iPhone.ActiveCfg = Release|Any CPU
		{86BA87AE-D217-462B-BE60-1086FF239AA1}.Release|iPhone.Build.0 = Release|Any CPU
		{86BA87AE-D217-462B-BE60-1086FF239AA1}.Release|iPhoneSimulator.ActiveCfg = Release|Any CPU
		{86BA87AE-D217-462B-BE60-1086FF239AA1}.Release|iPhoneSimulator.Build.0 = Release|Any CPU
		{86BA87AE-D217-462B-BE60-1086FF239AA1}.Release|x64.ActiveCfg = Release|Any CPU
		{86BA87AE-D217-462B-BE60-1086FF239AA1}.Release|x64.Build.0 = Release|Any CPU
		{86BA87AE-D217-462B-BE60-1086FF239AA1}.Release|x86.ActiveCfg = Release|Any CPU
		{86BA87AE-D217-462B-BE60-1086FF239AA1}.Release|x86.Build.0 = Release|Any CPU
		{8C5DA533-AD06-4FDA-A079-919BF0CF0894}.Ad-Hoc|Any CPU.ActiveCfg = Release|x86
		{8C5DA533-AD06-4FDA-A079-919BF0CF0894}.Ad-Hoc|Any CPU.Build.0 = Release|x86
		{8C5DA533-AD06-4FDA-A079-919BF0CF0894}.Ad-Hoc|Any CPU.Deploy.0 = Release|x86
		{8C5DA533-AD06-4FDA-A079-919BF0CF0894}.Ad-Hoc|ARM.ActiveCfg = Release|ARM
		{8C5DA533-AD06-4FDA-A079-919BF0CF0894}.Ad-Hoc|ARM.Build.0 = Release|ARM
		{8C5DA533-AD06-4FDA-A079-919BF0CF0894}.Ad-Hoc|ARM.Deploy.0 = Release|ARM
		{8C5DA533-AD06-4FDA-A079-919BF0CF0894}.Ad-Hoc|iPhone.ActiveCfg = Release|x86
		{8C5DA533-AD06-4FDA-A079-919BF0CF0894}.Ad-Hoc|iPhone.Build.0 = Release|x86
		{8C5DA533-AD06-4FDA-A079-919BF0CF0894}.Ad-Hoc|iPhone.Deploy.0 = Release|x86
		{8C5DA533-AD06-4FDA-A079-919BF0CF0894}.Ad-Hoc|iPhoneSimulator.ActiveCfg = Release|x86
		{8C5DA533-AD06-4FDA-A079-919BF0CF0894}.Ad-Hoc|iPhoneSimulator.Build.0 = Release|x86
		{8C5DA533-AD06-4FDA-A079-919BF0CF0894}.Ad-Hoc|iPhoneSimulator.Deploy.0 = Release|x86
		{8C5DA533-AD06-4FDA-A079-919BF0CF0894}.Ad-Hoc|x64.ActiveCfg = Release|x64
		{8C5DA533-AD06-4FDA-A079-919BF0CF0894}.Ad-Hoc|x64.Build.0 = Release|x64
		{8C5DA533-AD06-4FDA-A079-919BF0CF0894}.Ad-Hoc|x64.Deploy.0 = Release|x64
		{8C5DA533-AD06-4FDA-A079-919BF0CF0894}.Ad-Hoc|x86.ActiveCfg = Release|x86
		{8C5DA533-AD06-4FDA-A079-919BF0CF0894}.Ad-Hoc|x86.Build.0 = Release|x86
		{8C5DA533-AD06-4FDA-A079-919BF0CF0894}.Ad-Hoc|x86.Deploy.0 = Release|x86
		{8C5DA533-AD06-4FDA-A079-919BF0CF0894}.AppStore|Any CPU.ActiveCfg = Release|x86
		{8C5DA533-AD06-4FDA-A079-919BF0CF0894}.AppStore|Any CPU.Build.0 = Release|x86
		{8C5DA533-AD06-4FDA-A079-919BF0CF0894}.AppStore|Any CPU.Deploy.0 = Release|x86
		{8C5DA533-AD06-4FDA-A079-919BF0CF0894}.AppStore|ARM.ActiveCfg = Release|ARM
		{8C5DA533-AD06-4FDA-A079-919BF0CF0894}.AppStore|ARM.Build.0 = Release|ARM
		{8C5DA533-AD06-4FDA-A079-919BF0CF0894}.AppStore|ARM.Deploy.0 = Release|ARM
		{8C5DA533-AD06-4FDA-A079-919BF0CF0894}.AppStore|iPhone.ActiveCfg = Release|x86
		{8C5DA533-AD06-4FDA-A079-919BF0CF0894}.AppStore|iPhone.Build.0 = Release|x86
		{8C5DA533-AD06-4FDA-A079-919BF0CF0894}.AppStore|iPhone.Deploy.0 = Release|x86
		{8C5DA533-AD06-4FDA-A079-919BF0CF0894}.AppStore|iPhoneSimulator.ActiveCfg = Release|x86
		{8C5DA533-AD06-4FDA-A079-919BF0CF0894}.AppStore|iPhoneSimulator.Build.0 = Release|x86
		{8C5DA533-AD06-4FDA-A079-919BF0CF0894}.AppStore|iPhoneSimulator.Deploy.0 = Release|x86
		{8C5DA533-AD06-4FDA-A079-919BF0CF0894}.AppStore|x64.ActiveCfg = Release|x64
		{8C5DA533-AD06-4FDA-A079-919BF0CF0894}.AppStore|x64.Build.0 = Release|x64
		{8C5DA533-AD06-4FDA-A079-919BF0CF0894}.AppStore|x64.Deploy.0 = Release|x64
		{8C5DA533-AD06-4FDA-A079-919BF0CF0894}.AppStore|x86.ActiveCfg = Release|x86
		{8C5DA533-AD06-4FDA-A079-919BF0CF0894}.AppStore|x86.Build.0 = Release|x86
		{8C5DA533-AD06-4FDA-A079-919BF0CF0894}.AppStore|x86.Deploy.0 = Release|x86
		{8C5DA533-AD06-4FDA-A079-919BF0CF0894}.Debug|Any CPU.ActiveCfg = Debug|x86
		{8C5DA533-AD06-4FDA-A079-919BF0CF0894}.Debug|ARM.ActiveCfg = Debug|ARM
		{8C5DA533-AD06-4FDA-A079-919BF0CF0894}.Debug|ARM.Build.0 = Debug|ARM
		{8C5DA533-AD06-4FDA-A079-919BF0CF0894}.Debug|ARM.Deploy.0 = Debug|ARM
		{8C5DA533-AD06-4FDA-A079-919BF0CF0894}.Debug|iPhone.ActiveCfg = Debug|x86
		{8C5DA533-AD06-4FDA-A079-919BF0CF0894}.Debug|iPhoneSimulator.ActiveCfg = Debug|x86
		{8C5DA533-AD06-4FDA-A079-919BF0CF0894}.Debug|x64.ActiveCfg = Debug|x64
		{8C5DA533-AD06-4FDA-A079-919BF0CF0894}.Debug|x64.Build.0 = Debug|x64
		{8C5DA533-AD06-4FDA-A079-919BF0CF0894}.Debug|x64.Deploy.0 = Debug|x64
		{8C5DA533-AD06-4FDA-A079-919BF0CF0894}.Debug|x86.ActiveCfg = Debug|x86
		{8C5DA533-AD06-4FDA-A079-919BF0CF0894}.Debug|x86.Build.0 = Debug|x86
		{8C5DA533-AD06-4FDA-A079-919BF0CF0894}.Debug|x86.Deploy.0 = Debug|x86
		{8C5DA533-AD06-4FDA-A079-919BF0CF0894}.Release|Any CPU.ActiveCfg = Release|x86
		{8C5DA533-AD06-4FDA-A079-919BF0CF0894}.Release|ARM.ActiveCfg = Release|ARM
		{8C5DA533-AD06-4FDA-A079-919BF0CF0894}.Release|ARM.Build.0 = Release|ARM
		{8C5DA533-AD06-4FDA-A079-919BF0CF0894}.Release|ARM.Deploy.0 = Release|ARM
		{8C5DA533-AD06-4FDA-A079-919BF0CF0894}.Release|iPhone.ActiveCfg = Release|x86
		{8C5DA533-AD06-4FDA-A079-919BF0CF0894}.Release|iPhoneSimulator.ActiveCfg = Release|x86
		{8C5DA533-AD06-4FDA-A079-919BF0CF0894}.Release|x64.ActiveCfg = Release|x64
		{8C5DA533-AD06-4FDA-A079-919BF0CF0894}.Release|x64.Build.0 = Release|x64
		{8C5DA533-AD06-4FDA-A079-919BF0CF0894}.Release|x64.Deploy.0 = Release|x64
		{8C5DA533-AD06-4FDA-A079-919BF0CF0894}.Release|x86.ActiveCfg = Release|x86
		{8C5DA533-AD06-4FDA-A079-919BF0CF0894}.Release|x86.Build.0 = Release|x86
		{8C5DA533-AD06-4FDA-A079-919BF0CF0894}.Release|x86.Deploy.0 = Release|x86
		{9EEA87A7-7E52-47ED-8998-C0F877A6A242}.Ad-Hoc|Any CPU.ActiveCfg = Ad-Hoc|iPhone
		{9EEA87A7-7E52-47ED-8998-C0F877A6A242}.Ad-Hoc|ARM.ActiveCfg = Ad-Hoc|iPhone
		{9EEA87A7-7E52-47ED-8998-C0F877A6A242}.Ad-Hoc|iPhone.ActiveCfg = Ad-Hoc|iPhone
		{9EEA87A7-7E52-47ED-8998-C0F877A6A242}.Ad-Hoc|iPhone.Build.0 = Ad-Hoc|iPhone
		{9EEA87A7-7E52-47ED-8998-C0F877A6A242}.Ad-Hoc|iPhoneSimulator.ActiveCfg = Ad-Hoc|iPhoneSimulator
		{9EEA87A7-7E52-47ED-8998-C0F877A6A242}.Ad-Hoc|iPhoneSimulator.Build.0 = Ad-Hoc|iPhoneSimulator
		{9EEA87A7-7E52-47ED-8998-C0F877A6A242}.Ad-Hoc|x64.ActiveCfg = Ad-Hoc|iPhone
		{9EEA87A7-7E52-47ED-8998-C0F877A6A242}.Ad-Hoc|x86.ActiveCfg = Ad-Hoc|iPhone
		{9EEA87A7-7E52-47ED-8998-C0F877A6A242}.AppStore|Any CPU.ActiveCfg = AppStore|iPhone
		{9EEA87A7-7E52-47ED-8998-C0F877A6A242}.AppStore|ARM.ActiveCfg = AppStore|iPhone
		{9EEA87A7-7E52-47ED-8998-C0F877A6A242}.AppStore|iPhone.ActiveCfg = AppStore|iPhone
		{9EEA87A7-7E52-47ED-8998-C0F877A6A242}.AppStore|iPhone.Build.0 = AppStore|iPhone
		{9EEA87A7-7E52-47ED-8998-C0F877A6A242}.AppStore|iPhoneSimulator.ActiveCfg = AppStore|iPhoneSimulator
		{9EEA87A7-7E52-47ED-8998-C0F877A6A242}.AppStore|iPhoneSimulator.Build.0 = AppStore|iPhoneSimulator
		{9EEA87A7-7E52-47ED-8998-C0F877A6A242}.AppStore|x64.ActiveCfg = AppStore|iPhone
		{9EEA87A7-7E52-47ED-8998-C0F877A6A242}.AppStore|x86.ActiveCfg = AppStore|iPhone
		{9EEA87A7-7E52-47ED-8998-C0F877A6A242}.Debug|Any CPU.ActiveCfg = Debug|iPhone
		{9EEA87A7-7E52-47ED-8998-C0F877A6A242}.Debug|ARM.ActiveCfg = Debug|iPhone
		{9EEA87A7-7E52-47ED-8998-C0F877A6A242}.Debug|iPhone.ActiveCfg = Debug|iPhone
		{9EEA87A7-7E52-47ED-8998-C0F877A6A242}.Debug|iPhone.Build.0 = Debug|iPhone
		{9EEA87A7-7E52-47ED-8998-C0F877A6A242}.Debug|iPhoneSimulator.ActiveCfg = Debug|iPhoneSimulator
		{9EEA87A7-7E52-47ED-8998-C0F877A6A242}.Debug|iPhoneSimulator.Build.0 = Debug|iPhoneSimulator
		{9EEA87A7-7E52-47ED-8998-C0F877A6A242}.Debug|x64.ActiveCfg = Debug|iPhone
		{9EEA87A7-7E52-47ED-8998-C0F877A6A242}.Debug|x86.ActiveCfg = Debug|iPhone
		{9EEA87A7-7E52-47ED-8998-C0F877A6A242}.Release|Any CPU.ActiveCfg = Release|iPhone
		{9EEA87A7-7E52-47ED-8998-C0F877A6A242}.Release|ARM.ActiveCfg = Release|iPhone
		{9EEA87A7-7E52-47ED-8998-C0F877A6A242}.Release|iPhone.ActiveCfg = Release|iPhone
		{9EEA87A7-7E52-47ED-8998-C0F877A6A242}.Release|iPhone.Build.0 = Release|iPhone
		{9EEA87A7-7E52-47ED-8998-C0F877A6A242}.Release|iPhoneSimulator.ActiveCfg = Release|iPhoneSimulator
		{9EEA87A7-7E52-47ED-8998-C0F877A6A242}.Release|iPhoneSimulator.Build.0 = Release|iPhoneSimulator
		{9EEA87A7-7E52-47ED-8998-C0F877A6A242}.Release|x64.ActiveCfg = Release|iPhone
		{9EEA87A7-7E52-47ED-8998-C0F877A6A242}.Release|x86.ActiveCfg = Release|iPhone
	EndGlobalSection
	GlobalSection(SolutionProperties) = preSolution
		HideSolutionNode = FALSE
	EndGlobalSection
EndGlobal
